
Microsoft Visual Studio Solution File, Format Version 12.00
# Visual Studio Version 16
VisualStudioVersion = 16.0.32630.194
MinimumVisualStudioVersion = 10.0.40219.1
Project("{F184B08F-C81C-45F6-A57F-5ABD9991F28F}") = "Unidad3-programacion-orientada-objetos", "Unidad3-programacion-orientada-objetos.vbproj", "{6FA1A839-C9EB-44EE-8C52-33B141B7510D}"
EndProject
Global
	GlobalSection(SolutionConfigurationPlatforms) = preSolution
		Debug|Any CPU = Debug|Any CPU
		Release|Any CPU = Release|Any CPU
	EndGlobalSection
	GlobalSection(ProjectConfigurationPlatforms) = postSolution
		{6FA1A839-C9EB-44EE-8C52-33B141B7510D}.Debug|Any CPU.ActiveCfg = Debug|Any CPU
		{6FA1A839-C9EB-44EE-8C52-33B141B7510D}.Debug|Any CPU.Build.0 = Debug|Any CPU
		{6FA1A839-C9EB-44EE-8C52-33B141B7510D}.Release|Any CPU.ActiveCfg = Release|Any CPU
		{6FA1A839-C9EB-44EE-8C52-33B141B7510D}.Release|Any CPU.Build.0 = Release|Any CPU
	EndGlobalSection
	GlobalSection(SolutionProperties) = preSolution
		HideSolutionNode = FALSE
	EndGlobalSection
	GlobalSection(ExtensibilityGlobals) = postSolution
		SolutionGuid = {2A63B9C3-348D-4480-9125-834F562AAB1F}
	EndGlobalSection
EndGlobal
